
Microsoft Visual Studio Solution File, Format Version 12.00
Project("{FAE04EC0-301F-11D3-BF4B-00C04F79EFBC}") = "PckTool", "PckTool\PckTool.csproj", "{3205C198-C4C7-483C-83C5-A9E5FDF83FC8}"
EndProject
Project("{FAE04EC0-301F-11D3-BF4B-00C04F79EFBC}") = "PckTool.Core", "PckTool.Core\PckTool.Core.csproj", "{C658F6FD-114C-4270-8436-DE5082750798}"
EndProject
Project("{FAE04EC0-301F-11D3-BF4B-00C04F79EFBC}") = "PckTool.Core.Tests", "tests\PckTool.Core.Tests\PckTool.Core.Tests.csproj", "{7EB71208-4B93-43D9-A6D3-68AA199244B5}"
EndProject
Project("{2150E333-8FDC-42A3-9474-1A3956D46DE8}") = "tests", "tests", "{2331D761-45E2-4FE9-A869-BAD9068E1506}"
EndProject
Project("{2150E333-8FDC-42A3-9474-1A3956D46DE8}") = "src", "src", "{827E0CD3-B72D-47B6-A68D-7590B98EB39B}"
EndProject
Project("{FAE04EC0-301F-11D3-BF4B-00C04F79EFBC}") = "PckTool.Abstractions", "src\PckTool.Abstractions\PckTool.Abstractions.csproj", "{868AE837-FA5A-434C-A6FB-804F69CC4DB6}"
EndProject
Global
	GlobalSection(SolutionConfigurationPlatforms) = preSolution
		Debug|Any CPU = Debug|Any CPU
		Debug|x64 = Debug|x64
		Debug|x86 = Debug|x86
		Release|Any CPU = Release|Any CPU
		Release|x64 = Release|x64
		Release|x86 = Release|x86
	EndGlobalSection
	GlobalSection(ProjectConfigurationPlatforms) = postSolution
		{3205C198-C4C7-483C-83C5-A9E5FDF83FC8}.Debug|Any CPU.ActiveCfg = Debug|Any CPU
		{3205C198-C4C7-483C-83C5-A9E5FDF83FC8}.Debug|Any CPU.Build.0 = Debug|Any CPU
		{3205C198-C4C7-483C-83C5-A9E5FDF83FC8}.Debug|x64.ActiveCfg = Debug|Any CPU
		{3205C198-C4C7-483C-83C5-A9E5FDF83FC8}.Debug|x64.Build.0 = Debug|Any CPU
		{3205C198-C4C7-483C-83C5-A9E5FDF83FC8}.Debug|x86.ActiveCfg = Debug|Any CPU
		{3205C198-C4C7-483C-83C5-A9E5FDF83FC8}.Debug|x86.Build.0 = Debug|Any CPU
		{3205C198-C4C7-483C-83C5-A9E5FDF83FC8}.Release|Any CPU.ActiveCfg = Release|Any CPU
		{3205C198-C4C7-483C-83C5-A9E5FDF83FC8}.Release|Any CPU.Build.0 = Release|Any CPU
		{3205C198-C4C7-483C-83C5-A9E5FDF83FC8}.Release|x64.ActiveCfg = Release|Any CPU
		{3205C198-C4C7-483C-83C5-A9E5FDF83FC8}.Release|x64.Build.0 = Release|Any CPU
		{3205C198-C4C7-483C-83C5-A9E5FDF83FC8}.Release|x86.ActiveCfg = Release|Any CPU
		{3205C198-C4C7-483C-83C5-A9E5FDF83FC8}.Release|x86.Build.0 = Release|Any CPU
		{C658F6FD-114C-4270-8436-DE5082750798}.Debug|Any CPU.ActiveCfg = Debug|Any CPU
		{C658F6FD-114C-4270-8436-DE5082750798}.Debug|Any CPU.Build.0 = Debug|Any CPU
		{C658F6FD-114C-4270-8436-DE5082750798}.Debug|x64.ActiveCfg = Debug|Any CPU
		{C658F6FD-114C-4270-8436-DE5082750798}.Debug|x64.Build.0 = Debug|Any CPU
		{C658F6FD-114C-4270-8436-DE5082750798}.Debug|x86.ActiveCfg = Debug|Any CPU
		{C658F6FD-114C-4270-8436-DE5082750798}.Debug|x86.Build.0 = Debug|Any CPU
		{C658F6FD-114C-4270-8436-DE5082750798}.Release|Any CPU.ActiveCfg = Release|Any CPU
		{C658F6FD-114C-4270-8436-DE5082750798}.Release|Any CPU.Build.0 = Release|Any CPU
		{C658F6FD-114C-4270-8436-DE5082750798}.Release|x64.ActiveCfg = Release|Any CPU
		{C658F6FD-114C-4270-8436-DE5082750798}.Release|x64.Build.0 = Release|Any CPU
		{C658F6FD-114C-4270-8436-DE5082750798}.Release|x86.ActiveCfg = Release|Any CPU
		{C658F6FD-114C-4270-8436-DE5082750798}.Release|x86.Build.0 = Release|Any CPU
		{7EB71208-4B93-43D9-A6D3-68AA199244B5}.Debug|Any CPU.ActiveCfg = Debug|Any CPU
		{7EB71208-4B93-43D9-A6D3-68AA199244B5}.Debug|Any CPU.Build.0 = Debug|Any CPU
		{7EB71208-4B93-43D9-A6D3-68AA199244B5}.Debug|x64.ActiveCfg = Debug|Any CPU
		{7EB71208-4B93-43D9-A6D3-68AA199244B5}.Debug|x64.Build.0 = Debug|Any CPU
		{7EB71208-4B93-43D9-A6D3-68AA199244B5}.Debug|x86.ActiveCfg = Debug|Any CPU
		{7EB71208-4B93-43D9-A6D3-68AA199244B5}.Debug|x86.Build.0 = Debug|Any CPU
		{7EB71208-4B93-43D9-A6D3-68AA199244B5}.Release|Any CPU.ActiveCfg = Release|Any CPU
		{7EB71208-4B93-43D9-A6D3-68AA199244B5}.Release|Any CPU.Build.0 = Release|Any CPU
		{7EB71208-4B93-43D9-A6D3-68AA199244B5}.Release|x64.ActiveCfg = Release|Any CPU
		{7EB71208-4B93-43D9-A6D3-68AA199244B5}.Release|x64.Build.0 = Release|Any CPU
		{7EB71208-4B93-43D9-A6D3-68AA199244B5}.Release|x86.ActiveCfg = Release|Any CPU
		{7EB71208-4B93-43D9-A6D3-68AA199244B5}.Release|x86.Build.0 = Release|Any CPU
		{868AE837-FA5A-434C-A6FB-804F69CC4DB6}.Debug|Any CPU.ActiveCfg = Debug|Any CPU
		{868AE837-FA5A-434C-A6FB-804F69CC4DB6}.Debug|Any CPU.Build.0 = Debug|Any CPU
		{868AE837-FA5A-434C-A6FB-804F69CC4DB6}.Debug|x64.ActiveCfg = Debug|Any CPU
		{868AE837-FA5A-434C-A6FB-804F69CC4DB6}.Debug|x64.Build.0 = Debug|Any CPU
		{868AE837-FA5A-434C-A6FB-804F69CC4DB6}.Debug|x86.ActiveCfg = Debug|Any CPU
		{868AE837-FA5A-434C-A6FB-804F69CC4DB6}.Debug|x86.Build.0 = Debug|Any CPU
		{868AE837-FA5A-434C-A6FB-804F69CC4DB6}.Release|Any CPU.ActiveCfg = Release|Any CPU
		{868AE837-FA5A-434C-A6FB-804F69CC4DB6}.Release|Any CPU.Build.0 = Release|Any CPU
		{868AE837-FA5A-434C-A6FB-804F69CC4DB6}.Release|x64.ActiveCfg = Release|Any CPU
		{868AE837-FA5A-434C-A6FB-804F69CC4DB6}.Release|x64.Build.0 = Release|Any CPU
		{868AE837-FA5A-434C-A6FB-804F69CC4DB6}.Release|x86.ActiveCfg = Release|Any CPU
		{868AE837-FA5A-434C-A6FB-804F69CC4DB6}.Release|x86.Build.0 = Release|Any CPU
	EndGlobalSection
	GlobalSection(SolutionProperties) = preSolution
		HideSolutionNode = FALSE
	EndGlobalSection
	GlobalSection(NestedProjects) = preSolution
		{7EB71208-4B93-43D9-A6D3-68AA199244B5} = {2331D761-45E2-4FE9-A869-BAD9068E1506}
		{868AE837-FA5A-434C-A6FB-804F69CC4DB6} = {827E0CD3-B72D-47B6-A68D-7590B98EB39B}
	EndGlobalSection
EndGlobal
