{
  "version": 1,
  "dependencies": {
    "net10.0": {
      "Microsoft.NET.ILLink.Tasks": {
        "type": "Direct",
        "requested": "[10.0.2, )",
        "resolved": "10.0.2",
        "contentHash": "sXdDtMf2qcnbygw9OdE535c2lxSxrZP8gO4UhDJ0xiJbl1wIqXS1OTcTDFTIJPOFd6Mhcm8gPEthqWGUxBsTqw=="
      },
      "NLog": {
        "type": "Direct",
        "requested": "[6.0.7, )",
        "resolved": "6.0.7",
        "contentHash": "16kwDY6+/TCBToyXekpcl5mxprUWuXqltdOK26w44E0rTQTiRCjXv1VVLDtSbgMCR1RirVvr+V/9T+76cwuqnw=="
      },
      "Spectre.Console.Cli": {
        "type": "Direct",
        "requested": "[0.49.0, )",
        "resolved": "0.49.0",
        "contentHash": "841g7PhuJFwoCatKKVoIRDaylmcaTxEzTzq7+rGHyVCBUqL7iOH0c5AsGnjgBMzhRDnUUWkP47Ho9WWfqMVqAA==",
        "dependencies": {
          "Spectre.Console": "0.49.0"
        }
      },
      "Ww2Ogg.Core": {
        "type": "Direct",
        "requested": "[1.0.0, )",
        "resolved": "1.0.0",
        "contentHash": "FW0/sYPZQB09STjMFcga6kjv/xvXR8OXmhe0VDD+lT5LIfnC4X2Th+6fK8N75WxA9ZYQ7Fqs80FPNkPL+TFTaQ==",
        "dependencies": {
          "NVorbis": "0.10.5"
        }
      },
      "Microsoft.Extensions.DependencyInjection.Abstractions": {
        "type": "Transitive",
        "resolved": "10.0.1",
        "contentHash": "oIy8fQxxbUsSrrOvgBqlVgOeCtDmrcynnTG+FQufcUWBrwyPfwlUkCDB2vaiBeYPyT+20u9/HeuHeBf+H4F/8g=="
      },
      "Microsoft.Extensions.Logging.Abstractions": {
        "type": "Transitive",
        "resolved": "10.0.1",
        "contentHash": "YkmyiPIWAXVb+lPIrM0LE5bbtLOJkCiRTFiHpkVOvhI7uTvCfoOHLEN0LcsY56GpSD7NqX3gJNpsaDe87/B3zg==",
        "dependencies": {
          "Microsoft.Extensions.DependencyInjection.Abstractions": "10.0.1"
        }
      },
      "NVorbis": {
        "type": "Transitive",
        "resolved": "0.10.5",
        "contentHash": "o+IptCG4Avze39HrGeztC+xIp6fOOwGVAwkoa1J++4Ji1WmZ+KIKlFl5wsgxsXqBkmdpfs/vFSUproiLKYa2bw=="
      },
      "Spectre.Console": {
        "type": "Transitive",
        "resolved": "0.49.0",
        "contentHash": "1s+hhYq5fcrqCvZhrNOPehAmCZJM6cjro85g1Qirvmm1tys+/sfFJgePCGcxr+S/nONZ/lCDTflPda3C+WlBdg=="
      },
      "pcktool.abstractions": {
        "type": "Project"
      },
      "pcktool.core": {
        "type": "Project",
        "dependencies": {
          "Microsoft.Extensions.Logging.Abstractions": "[10.0.1, )",
          "NLog": "[6.0.7, )",
          "PckTool.Abstractions": "[1.0.0, )"
        }
      }
    },
    "net10.0/win-x64": {}
  }
}